# THIS IS AN AUTOGENERATED FILE. DO NOT EDIT THIS FILE DIRECTLY.
# yarn lockfile v1


"@prettier/plugin-ruby@^0.10.0":
  version "0.10.0"
  resolved "https://registry.yarnpkg.com/@prettier/plugin-ruby/-/plugin-ruby-0.10.0.tgz#052e31f056b76709e9e68b6270952b232d1f8bfd"
  integrity sha512-AIua0gE+sG4zoioYU2iU32AJpoRTPBC+69wAdbLYYdxoh0g3hDFeUmm8R17Ig30hMXa8pJGU/SuW4MHCWmhQcQ==
  dependencies:
    prettier "^1.16.4"

prettier@^1.16.4, prettier@^1.17.0:
  version "1.17.0"
  resolved "https://registry.yarnpkg.com/prettier/-/prettier-1.17.0.tgz#53b303676eed22cc14a9f0cec09b477b3026c008"
  integrity sha512-sXe5lSt2WQlCbydGETgfm1YBShgOX4HxQkFPvbxkcwgDvGDeqVau8h+12+lmSVlP3rHPz0oavfddSZg/q+Szjw==
